
Microsoft Visual Studio Solution File, Format Version 12.00
# Visual Studio Version 17
VisualStudioVersion = 17.5.33530.505
MinimumVisualStudioVersion = 10.0.40219.1
Project("{9A19103F-16F7-4668-BE54-9A1E7A4F7556}") = "GeometricFigures", "GeometricFigures.csproj", "{EE689881-B4D0-420D-9F1A-7B1409D32052}"
EndProject
Project("{FAE04EC0-301F-11D3-BF4B-00C04F79EFBC}") = "GeometricFiguresTests", "..\GeometricFiguresTests\GeometricFiguresTests.csproj", "{F64DDE8F-0FF9-4E8E-8345-D03E3129CFF8}"
EndProject
Global
	GlobalSection(SolutionConfigurationPlatforms) = preSolution
		Debug|Any CPU = Debug|Any CPU
		Release|Any CPU = Release|Any CPU
	EndGlobalSection
	GlobalSection(ProjectConfigurationPlatforms) = postSolution
		{EE689881-B4D0-420D-9F1A-7B1409D32052}.Debug|Any CPU.ActiveCfg = Debug|Any CPU
		{EE689881-B4D0-420D-9F1A-7B1409D32052}.Debug|Any CPU.Build.0 = Debug|Any CPU
		{EE689881-B4D0-420D-9F1A-7B1409D32052}.Release|Any CPU.ActiveCfg = Release|Any CPU
		{EE689881-B4D0-420D-9F1A-7B1409D32052}.Release|Any CPU.Build.0 = Release|Any CPU
		{F64DDE8F-0FF9-4E8E-8345-D03E3129CFF8}.Debug|Any CPU.ActiveCfg = Debug|Any CPU
		{F64DDE8F-0FF9-4E8E-8345-D03E3129CFF8}.Debug|Any CPU.Build.0 = Debug|Any CPU
		{F64DDE8F-0FF9-4E8E-8345-D03E3129CFF8}.Release|Any CPU.ActiveCfg = Release|Any CPU
		{F64DDE8F-0FF9-4E8E-8345-D03E3129CFF8}.Release|Any CPU.Build.0 = Release|Any CPU
	EndGlobalSection
	GlobalSection(SolutionProperties) = preSolution
		HideSolutionNode = FALSE
	EndGlobalSection
	GlobalSection(ExtensibilityGlobals) = postSolution
		SolutionGuid = {0798C296-ED20-449E-B0CA-2A9A30620562}
	EndGlobalSection
EndGlobal
